hash: 39290f5b231e6c8215fca891f90fa08b9fc2df7a10c49feeb8214985c7214677
updated: 2017-07-29T16:12:42.932318979+05:30
imports:
- name: github.com/BurntSushi/toml
  version: a368813c5e648fee92e5f6c30e3944ff9d5e8895
- name: github.com/geekypanda/httpcache
  version: 01f18a9beadcc489be4f89c92e82c02e251268cc
  subpackages:
  - cfg
  - entry
  - fhttp
  - fhttp/rule
  - nethttp
  - nethttp/rule
  - ruleset
  - server
  - uri
- name: github.com/golang/protobuf
  version: 748d386b5c1ea99658fd69fe9f03991ce86a90c1
  subpackages:
  - proto
- name: github.com/google/go-github
  version: 35d38108ba83757e9b6fc00e4ba7e2d597c651be
  subpackages:
  - github
- name: github.com/google/go-querystring
  version: 53e6ce116135b80d037921a7fdd5138cf32d7a8a
  subpackages:
  - query
- name: github.com/hashicorp/go-version
  version: 03c5bf6be031b6dd45afec16b1cf94fc8938bc77
- name: github.com/imdario/mergo
  version: e3000cb3d28c72b837601cac94debd91032d19fe
- name: github.com/iris-contrib/formBinder
  version: 81b6a071e35797b83562caf4b3cad24dc01912dc
- name: github.com/kataras/go-errors
  version: 6fb46ef666f60ce19b5cc73906d531645d5bf8bc
- name: github.com/kataras/iris
  version: 09a2066268f99fc8ee40ecddde8b415f76250f4b
  subpackages:
  - adaptors/httprouter
- name: github.com/klauspost/compress
  version: f3dce52e0576655d55fd69e74b63da96ad1108f3
  subpackages:
  - flate
  - gzip
  - zlib
- name: github.com/klauspost/cpuid
  version: ae7887de9fa5d2db4eaa8174a7eff2c1ac00f2da
- name: github.com/microcosm-cc/bluemonday
  version: e79763773ab6222ca1d5a7cbd9d62d83c1f77081
- name: github.com/russross/blackfriday
  version: 4048872b16cc0fc2c5fd9eacf0ed2c2fedaa0c8c
- name: github.com/valyala/bytebufferpool
  version: e746df99fe4a3986f4d4f79e13c1e0117ce9c2f7
- name: github.com/valyala/fasthttp
  version: ae643c872d2c060154a4fb2162dc1c0ab1693ccd
  subpackages:
  - fasthttputil
  - stackless
- name: golang.org/x/crypto
  version: 558b6879de74bc843225cde5686419267ff707ca
  subpackages:
  - acme
  - acme/autocert
- name: golang.org/x/net
  version: f5079bd7f6f74e23c4d65efa0f4ce14cbd6a3c0f
  subpackages:
  - context
  - html
  - html/atom
- name: google.golang.org/appengine
  version: ad2570cd3913654e00c5f0183b39d2f998e54046
  subpackages:
  - internal
  - internal/app_identity
  - internal/base
  - internal/datastore
  - internal/log
  - internal/modules
  - internal/remote_api
- name: gopkg.in/kataras/iris.v6
  version: 09a2066268f99fc8ee40ecddde8b415f76250f4b
- name: gopkg.in/yaml.v2
  version: 25c4ec802a7d637f88d584ab26798e94ad14c13b
testImports: []
